
Microsoft Visual Studio Solution File, Format Version 12.00
# Visual Studio Version 16
VisualStudioVersion = 16.0.31410.357
MinimumVisualStudioVersion = 10.0.40219.1
Project("{FAE04EC0-301F-11D3-BF4B-00C04F79EFBC}") = "ZipMerger", "ZipMerger.csproj", "{6A16E2C6-60B3-4640-98B6-886CED74CAD5}"
EndProject
Global
	GlobalSection(SolutionConfigurationPlatforms) = preSolution
		Debug|Any CPU = Debug|Any CPU
		Release|Any CPU = Release|Any CPU
	EndGlobalSection
	GlobalSection(ProjectConfigurationPlatforms) = postSolution
		{6A16E2C6-60B3-4640-98B6-886CED74CAD5}.Debug|Any CPU.ActiveCfg = Debug|Any CPU
		{6A16E2C6-60B3-4640-98B6-886CED74CAD5}.Debug|Any CPU.Build.0 = Debug|Any CPU
		{6A16E2C6-60B3-4640-98B6-886CED74CAD5}.Release|Any CPU.ActiveCfg = Release|Any CPU
		{6A16E2C6-60B3-4640-98B6-886CED74CAD5}.Release|Any CPU.Build.0 = Release|Any CPU
	EndGlobalSection
	GlobalSection(SolutionProperties) = preSolution
		HideSolutionNode = FALSE
	EndGlobalSection
	GlobalSection(ExtensibilityGlobals) = postSolution
		SolutionGuid = {98F13CC1-1560-488F-A73D-F308B999074F}
	EndGlobalSection
EndGlobal
